
Microsoft Visual Studio Solution File, Format Version 12.00
# Visual Studio Version 17
VisualStudioVersion = 17.0.31903.59
MinimumVisualStudioVersion = 10.0.40219.1
Project("{FAE04EC0-301F-11D3-BF4B-00C04F79EFBC}") = "MiniBlockchain", "MiniBlockchain\MiniBlockchain.csproj", "{C8C4BB53-BB6A-40A6-A3A3-0193D2282545}"
EndProject
Global
	GlobalSection(SolutionConfigurationPlatforms) = preSolution
		Debug|Any CPU = Debug|Any CPU
		Release|Any CPU = Release|Any CPU
	EndGlobalSection
	GlobalSection(ProjectConfigurationPlatforms) = postSolution
		{C8C4BB53-BB6A-40A6-A3A3-0193D2282545}.Debug|Any CPU.ActiveCfg = Debug|Any CPU
		{C8C4BB53-BB6A-40A6-A3A3-0193D2282545}.Debug|Any CPU.Build.0 = Debug|Any CPU
		{C8C4BB53-BB6A-40A6-A3A3-0193D2282545}.Release|Any CPU.ActiveCfg = Release|Any CPU
		{C8C4BB53-BB6A-40A6-A3A3-0193D2282545}.Release|Any CPU.Build.0 = Release|Any CPU
	EndGlobalSection
	GlobalSection(SolutionProperties) = preSolution
		HideSolutionNode = FALSE
	EndGlobalSection
	GlobalSection(ExtensibilityGlobals) = postSolution
		SolutionGuid = {E517F332-DFEA-4F55-8FEB-E8DC462C2B87}
	EndGlobalSection
EndGlobal
